
Microsoft Visual Studio Solution File, Format Version 12.00
# Visual Studio 2013
VisualStudioVersion = 12.0.30501.0
MinimumVisualStudioVersion = 10.0.40219.1
Project("{FAE04EC0-301F-11D3-BF4B-00C04F79EFBC}") = "EasyNetQSubscriber", "EasyNetQSubscriber\EasyNetQSubscriber.csproj", "{F1E30B6B-9C93-4B03-AE79-3B4F8FC6710C}"
EndProject
Project("{FAE04EC0-301F-11D3-BF4B-00C04F79EFBC}") = "EasyNetQPublisher", "EasyNetQPublisher\EasyNetQPublisher.csproj", "{1ADE87A3-67AB-4ADC-9652-A1EB76D9FF01}"
EndProject
Project("{FAE04EC0-301F-11D3-BF4B-00C04F79EFBC}") = "CommonMessages", "CommonMessages\CommonMessages.csproj", "{11D0A6DC-E971-4DAA-B5C3-971F35B693F3}"
EndProject
Global
	GlobalSection(SolutionConfigurationPlatforms) = preSolution
		Debug|Any CPU = Debug|Any CPU
		Release|Any CPU = Release|Any CPU
	EndGlobalSection
	GlobalSection(ProjectConfigurationPlatforms) = postSolution
		{F1E30B6B-9C93-4B03-AE79-3B4F8FC6710C}.Debug|Any CPU.ActiveCfg = Debug|Any CPU
		{F1E30B6B-9C93-4B03-AE79-3B4F8FC6710C}.Debug|Any CPU.Build.0 = Debug|Any CPU
		{F1E30B6B-9C93-4B03-AE79-3B4F8FC6710C}.Release|Any CPU.ActiveCfg = Release|Any CPU
		{F1E30B6B-9C93-4B03-AE79-3B4F8FC6710C}.Release|Any CPU.Build.0 = Release|Any CPU
		{1ADE87A3-67AB-4ADC-9652-A1EB76D9FF01}.Debug|Any CPU.ActiveCfg = Debug|Any CPU
		{1ADE87A3-67AB-4ADC-9652-A1EB76D9FF01}.Debug|Any CPU.Build.0 = Debug|Any CPU
		{1ADE87A3-67AB-4ADC-9652-A1EB76D9FF01}.Release|Any CPU.ActiveCfg = Release|Any CPU
		{1ADE87A3-67AB-4ADC-9652-A1EB76D9FF01}.Release|Any CPU.Build.0 = Release|Any CPU
		{11D0A6DC-E971-4DAA-B5C3-971F35B693F3}.Debug|Any CPU.ActiveCfg = Debug|Any CPU
		{11D0A6DC-E971-4DAA-B5C3-971F35B693F3}.Debug|Any CPU.Build.0 = Debug|Any CPU
		{11D0A6DC-E971-4DAA-B5C3-971F35B693F3}.Release|Any CPU.ActiveCfg = Release|Any CPU
		{11D0A6DC-E971-4DAA-B5C3-971F35B693F3}.Release|Any CPU.Build.0 = Release|Any CPU
	EndGlobalSection
	GlobalSection(SolutionProperties) = preSolution
		HideSolutionNode = FALSE
	EndGlobalSection
EndGlobal
