Microsoft Visual Studio Solution File, Format Version 12.00
# Visual Studio 2013
VisualStudioVersion = 12.0.30110.0
MinimumVisualStudioVersion = 10.0.40219.1
Project("{FAE04EC0-301F-11D3-BF4B-00C04F79EFBC}") = "DobonChatClient", "DobonChatClient\DobonChatClient.csproj", "{FF27B788-0CFA-4914-B715-F202034B3239}"
EndProject
Project("{FAE04EC0-301F-11D3-BF4B-00C04F79EFBC}") = "DobonChatServer", "DobonChatServer\DobonChatServer.csproj", "{56FE17CA-11C2-4358-93BC-81B5236D9D51}"
EndProject
Project("{FAE04EC0-301F-11D3-BF4B-00C04F79EFBC}") = "DobonChatClientLibrary", "DobonChatClientLibrary\DobonChatClientLibrary.csproj", "{DD117128-E163-4BB2-AEBC-4749BF4F2529}"
EndProject
Project("{FAE04EC0-301F-11D3-BF4B-00C04F79EFBC}") = "DobonChatServerLibrary", "DobonChatServerLibrary\DobonChatServerLibrary.csproj", "{B7390DD1-30A9-4661-AF9B-73B22081E6D8}"
EndProject
Project("{FAE04EC0-301F-11D3-BF4B-00C04F79EFBC}") = "TcpChatClientLibrary", "TcpChatClientLibrary\TcpChatClientLibrary.csproj", "{93BD92FC-7C4A-45D5-922F-10A039A00E7D}"
EndProject
Project("{FAE04EC0-301F-11D3-BF4B-00C04F79EFBC}") = "TcpChatServerLibrary", "TcpChatServerLibrary\TcpChatServerLibrary.csproj", "{9CC7E138-9488-4BE4-89D3-AC1638310A25}"
EndProject
Project("{2150E333-8FDC-42A3-9474-1A3956D46DE8}") = "Solution Items", "Solution Items", "{CD1FFB50-6696-44ED-8FE5-89E860B2B358}"
	ProjectSection(SolutionItems) = preProject
		readme.txt = readme.txt
	EndProjectSection
EndProject
Global
	GlobalSection(SolutionConfigurationPlatforms) = preSolution
		Debug|Any CPU = Debug|Any CPU
		Release|Any CPU = Release|Any CPU
	EndGlobalSection
	GlobalSection(ProjectConfigurationPlatforms) = postSolution
		{FF27B788-0CFA-4914-B715-F202034B3239}.Debug|Any CPU.ActiveCfg = Debug|Any CPU
		{FF27B788-0CFA-4914-B715-F202034B3239}.Debug|Any CPU.Build.0 = Debug|Any CPU
		{FF27B788-0CFA-4914-B715-F202034B3239}.Release|Any CPU.ActiveCfg = Release|Any CPU
		{FF27B788-0CFA-4914-B715-F202034B3239}.Release|Any CPU.Build.0 = Release|Any CPU
		{56FE17CA-11C2-4358-93BC-81B5236D9D51}.Debug|Any CPU.ActiveCfg = Debug|Any CPU
		{56FE17CA-11C2-4358-93BC-81B5236D9D51}.Debug|Any CPU.Build.0 = Debug|Any CPU
		{56FE17CA-11C2-4358-93BC-81B5236D9D51}.Release|Any CPU.ActiveCfg = Release|Any CPU
		{56FE17CA-11C2-4358-93BC-81B5236D9D51}.Release|Any CPU.Build.0 = Release|Any CPU
		{DD117128-E163-4BB2-AEBC-4749BF4F2529}.Debug|Any CPU.ActiveCfg = Debug|Any CPU
		{DD117128-E163-4BB2-AEBC-4749BF4F2529}.Debug|Any CPU.Build.0 = Debug|Any CPU
		{DD117128-E163-4BB2-AEBC-4749BF4F2529}.Release|Any CPU.ActiveCfg = Release|Any CPU
		{DD117128-E163-4BB2-AEBC-4749BF4F2529}.Release|Any CPU.Build.0 = Release|Any CPU
		{B7390DD1-30A9-4661-AF9B-73B22081E6D8}.Debug|Any CPU.ActiveCfg = Debug|Any CPU
		{B7390DD1-30A9-4661-AF9B-73B22081E6D8}.Debug|Any CPU.Build.0 = Debug|Any CPU
		{B7390DD1-30A9-4661-AF9B-73B22081E6D8}.Release|Any CPU.ActiveCfg = Release|Any CPU
		{B7390DD1-30A9-4661-AF9B-73B22081E6D8}.Release|Any CPU.Build.0 = Release|Any CPU
		{93BD92FC-7C4A-45D5-922F-10A039A00E7D}.Debug|Any CPU.ActiveCfg = Debug|Any CPU
		{93BD92FC-7C4A-45D5-922F-10A039A00E7D}.Debug|Any CPU.Build.0 = Debug|Any CPU
		{93BD92FC-7C4A-45D5-922F-10A039A00E7D}.Release|Any CPU.ActiveCfg = Release|Any CPU
		{93BD92FC-7C4A-45D5-922F-10A039A00E7D}.Release|Any CPU.Build.0 = Release|Any CPU
		{9CC7E138-9488-4BE4-89D3-AC1638310A25}.Debug|Any CPU.ActiveCfg = Debug|Any CPU
		{9CC7E138-9488-4BE4-89D3-AC1638310A25}.Debug|Any CPU.Build.0 = Debug|Any CPU
		{9CC7E138-9488-4BE4-89D3-AC1638310A25}.Release|Any CPU.ActiveCfg = Release|Any CPU
		{9CC7E138-9488-4BE4-89D3-AC1638310A25}.Release|Any CPU.Build.0 = Release|Any CPU
	EndGlobalSection
	GlobalSection(SolutionProperties) = preSolution
		HideSolutionNode = FALSE
	EndGlobalSection
EndGlobal
